// !$*UTF8*$!
{
	archiveVersion = 1;
	classes = {
	};
	objectVersion = 46;
	objects = {

/* Begin PBXBuildFile section */
		05524F8D159B314900741F47 /* create_package.py in Resources */ = {isa = PBXBuildFile; fileRef = 05524F8C159B314900741F47 /* create_package.py */; };
		05524F94159B33AB00741F47 /* read_package.py in Resources */ = {isa = PBXBuildFile; fileRef = 05524F8F159B32D600741F47 /* read_package.py */; };
		0596D17D159AF27800B898B4 /* Cocoa.framework in Frameworks */ = {isa = PBXBuildFile; fileRef = 0596D17C159AF27800B898B4 /* Cocoa.framework */; };
		0596D187159AF27800B898B4 /* InfoPlist.strings in Resources */ = {isa = PBXBuildFile; fileRef = 0596D185159AF27800B898B4 /* InfoPlist.strings */; };
		0596D189159AF27800B898B4 /* main.m in Sources */ = {isa = PBXBuildFile; fileRef = 0596D188159AF27800B898B4 /* main.m */; };
		0596D18D159AF27800B898B4 /* Credits.rtf in Resources */ = {isa = PBXBuildFile; fileRef = 0596D18B159AF27800B898B4 /* Credits.rtf */; };
		0596D190159AF27800B898B4 /* CUPDocument.m in Sources */ = {isa = PBXBuildFile; fileRef = 0596D18F159AF27800B898B4 /* CUPDocument.m */; };
		0596D193159AF27800B898B4 /* CUPDocument.xib in Resources */ = {isa = PBXBuildFile; fileRef = 0596D191159AF27800B898B4 /* CUPDocument.xib */; };
		0596D196159AF27800B898B4 /* MainMenu.xib in Resources */ = {isa = PBXBuildFile; fileRef = 0596D194159AF27800B898B4 /* MainMenu.xib */; };
		05CF2A17159DE745004F36C8 /* CUPImageSelector.m in Sources */ = {isa = PBXBuildFile; fileRef = 05CF2A16159DE745004F36C8 /* CUPImageSelector.m */; };
		05CF2A1A159DEDE4004F36C8 /* dropimagehere.png in Resources */ = {isa = PBXBuildFile; fileRef = 05CF2A19159DEDE4004F36C8 /* dropimagehere.png */; };
		6605E68A159B86480048362A /* CUPBestHostFinder.m in Sources */ = {isa = PBXBuildFile; fileRef = 6605E689159B86480048362A /* CUPBestHostFinder.m */; };
		6605E68E159B90070048362A /* CUPAppDelegate.m in Sources */ = {isa = PBXBuildFile; fileRef = 6605E68D159B90070048362A /* CUPAppDelegate.m */; };
		6605E695159B964D0048362A /* CUPUIDFormatter.m in Sources */ = {isa = PBXBuildFile; fileRef = 6605E690159B964D0048362A /* CUPUIDFormatter.m */; };
		6605E696159B964D0048362A /* CUPUserNameFormatter.m in Sources */ = {isa = PBXBuildFile; fileRef = 6605E692159B964D0048362A /* CUPUserNameFormatter.m */; };
		6605E697159B964D0048362A /* CUPUUIDFormatter.m in Sources */ = {isa = PBXBuildFile; fileRef = 6605E694159B964D0048362A /* CUPUUIDFormatter.m */; };
		66B221D8159C4C30003FDF4E /* CreateUserPkg.icns in Resources */ = {isa = PBXBuildFile; fileRef = 66B221D7159C4C30003FDF4E /* CreateUserPkg.icns */; };
/* End PBXBuildFile section */

/* Begin PBXFileReference section */
		05524F8C159B314900741F47 /* create_package.py */ = {isa = PBXFileReference; fileEncoding = 4; lastKnownFileType = text.script.python; path = create_package.py; sourceTree = "<group>"; };
		05524F8F159B32D600741F47 /* read_package.py */ = {isa = PBXFileReference; lastKnownFileType = text.script.python; path = read_package.py; sourceTree = "<group>"; };
		0596D178159AF27800B898B4 /* CreateUserPkg.app */ = {isa = PBXFileReference; explicitFileType = wrapper.application; includeInIndex = 0; path = CreateUserPkg.app; sourceTree = BUILT_PRODUCTS_DIR; };
		0596D17C159AF27800B898B4 /* Cocoa.framework */ = {isa = PBXFileReference; lastKnownFileType = wrapper.framework; name = Cocoa.framework; path = System/Library/Frameworks/Cocoa.framework; sourceTree = SDKROOT; };
		0596D17F159AF27800B898B4 /* AppKit.framework */ = {isa = PBXFileReference; lastKnownFileType = wrapper.framework; name = AppKit.framework; path = System/Library/Frameworks/AppKit.framework; sourceTree = SDKROOT; };
		0596D180159AF27800B898B4 /* CoreData.framework */ = {isa = PBXFileReference; lastKnownFileType = wrapper.framework; name = CoreData.framework; path = System/Library/Frameworks/CoreData.framework; sourceTree = SDKROOT; };
		0596D181159AF27800B898B4 /* Foundation.framework */ = {isa = PBXFileReference; lastKnownFileType = wrapper.framework; name = Foundation.framework; path = System/Library/Frameworks/Foundation.framework; sourceTree = SDKROOT; };
		0596D184159AF27800B898B4 /* CreateUserPkg-Info.plist */ = {isa = PBXFileReference; lastKnownFileType = text.plist.xml; path = "CreateUserPkg-Info.plist"; sourceTree = "<group>"; };
		0596D186159AF27800B898B4 /* en */ = {isa = PBXFileReference; lastKnownFileType = text.plist.strings; name = en; path = en.lproj/InfoPlist.strings; sourceTree = "<group>"; };
		0596D188159AF27800B898B4 /* main.m */ = {isa = PBXFileReference; lastKnownFileType = sourcecode.c.objc; path = main.m; sourceTree = "<group>"; };
		0596D18A159AF27800B898B4 /* CreateUserPkg-Prefix.pch */ = {isa = PBXFileReference; lastKnownFileType = sourcecode.c.h; path = "CreateUserPkg-Prefix.pch"; sourceTree = "<group>"; };
		0596D18C159AF27800B898B4 /* en */ = {isa = PBXFileReference; lastKnownFileType = text.rtf; name = en; path = en.lproj/Credits.rtf; sourceTree = "<group>"; };
		0596D18E159AF27800B898B4 /* CUPDocument.h */ = {isa = PBXFileReference; lastKnownFileType = sourcecode.c.h; path = CUPDocument.h; sourceTree = "<group>"; };
		0596D18F159AF27800B898B4 /* CUPDocument.m */ = {isa = PBXFileReference; lastKnownFileType = sourcecode.c.objc; path = CUPDocument.m; sourceTree = "<group>"; };
		0596D192159AF27800B898B4 /* en */ = {isa = PBXFileReference; lastKnownFileType = file.xib; name = en; path = en.lproj/CUPDocument.xib; sourceTree = "<group>"; };
		0596D195159AF27800B898B4 /* en */ = {isa = PBXFileReference; lastKnownFileType = file.xib; name = en; path = en.lproj/MainMenu.xib; sourceTree = "<group>"; };
		0596D19C159AF2A200B898B4 /* CreateUserPkg.entitlements */ = {isa = PBXFileReference; lastKnownFileType = text.xml; path = CreateUserPkg.entitlements; sourceTree = "<group>"; };
		05CF2A15159DE745004F36C8 /* CUPImageSelector.h */ = {isa = PBXFileReference; fileEncoding = 4; lastKnownFileType = sourcecode.c.h; path = CUPImageSelector.h; sourceTree = "<group>"; };
		05CF2A16159DE745004F36C8 /* CUPImageSelector.m */ = {isa = PBXFileReference; fileEncoding = 4; lastKnownFileType = sourcecode.c.objc; path = CUPImageSelector.m; sourceTree = "<group>"; };
		05CF2A19159DEDE4004F36C8 /* dropimagehere.png */ = {isa = PBXFileReference; lastKnownFileType = image.png; path = dropimagehere.png; sourceTree = "<group>"; };
		6605E688159B86480048362A /* CUPBestHostFinder.h */ = {isa = PBXFileReference; fileEncoding = 4; lastKnownFileType = sourcecode.c.h; path = CUPBestHostFinder.h; sourceTree = "<group>"; };
		6605E689159B86480048362A /* CUPBestHostFinder.m */ = {isa = PBXFileReference; fileEncoding = 4; lastKnownFileType = sourcecode.c.objc; path = CUPBestHostFinder.m; sourceTree = "<group>"; };
		6605E68C159B90070048362A /* CUPAppDelegate.h */ = {isa = PBXFileReference; fileEncoding = 4; lastKnownFileType = sourcecode.c.h; path = CUPAppDelegate.h; sourceTree = "<group>"; };
		6605E68D159B90070048362A /* CUPAppDelegate.m */ = {isa = PBXFileReference; fileEncoding = 4; lastKnownFileType = sourcecode.c.objc; path = CUPAppDelegate.m; sourceTree = "<group>"; };
		6605E68F159B964D0048362A /* CUPUIDFormatter.h */ = {isa = PBXFileReference; fileEncoding = 4; lastKnownFileType = sourcecode.c.h; path = CUPUIDFormatter.h; sourceTree = "<group>"; };
		6605E690159B964D0048362A /* CUPUIDFormatter.m */ = {isa = PBXFileReference; fileEncoding = 4; lastKnownFileType = sourcecode.c.objc; path = CUPUIDFormatter.m; sourceTree = "<group>"; };
		6605E691159B964D0048362A /* CUPUserNameFormatter.h */ = {isa = PBXFileReference; fileEncoding = 4; lastKnownFileType = sourcecode.c.h; path = CUPUserNameFormatter.h; sourceTree = "<group>"; };
		6605E692159B964D0048362A /* CUPUserNameFormatter.m */ = {isa = PBXFileReference; fileEncoding = 4; lastKnownFileType = sourcecode.c.objc; path = CUPUserNameFormatter.m; sourceTree = "<group>"; };
		6605E693159B964D0048362A /* CUPUUIDFormatter.h */ = {isa = PBXFileReference; fileEncoding = 4; lastKnownFileType = sourcecode.c.h; path = CUPUUIDFormatter.h; sourceTree = "<group>"; };
		6605E694159B964D0048362A /* CUPUUIDFormatter.m */ = {isa = PBXFileReference; fileEncoding = 4; lastKnownFileType = sourcecode.c.objc; path = CUPUUIDFormatter.m; sourceTree = "<group>"; };
		66B221D7159C4C30003FDF4E /* CreateUserPkg.icns */ = {isa = PBXFileReference; lastKnownFileType = image.icns; path = CreateUserPkg.icns; sourceTree = "<group>"; };
/* End PBXFileReference section */

/* Begin PBXFrameworksBuildPhase section */
		0596D175159AF27800B898B4 /* Frameworks */ = {
			isa = PBXFrameworksBuildPhase;
			buildActionMask = 2147483647;
			files = (
				0596D17D159AF27800B898B4 /* Cocoa.framework in Frameworks */,
			);
			runOnlyForDeploymentPostprocessing = 0;
		};
/* End PBXFrameworksBuildPhase section */

/* Begin PBXGroup section */
		0596D16D159AF27800B898B4 = {
			isa = PBXGroup;
			children = (
				66B221D7159C4C30003FDF4E /* CreateUserPkg.icns */,
				0596D182159AF27800B898B4 /* CreateUserPkg */,
				0596D17B159AF27800B898B4 /* Frameworks */,
				0596D179159AF27800B898B4 /* Products */,
			);
			sourceTree = "<group>";
		};
		0596D179159AF27800B898B4 /* Products */ = {
			isa = PBXGroup;
			children = (
				0596D178159AF27800B898B4 /* CreateUserPkg.app */,
			);
			name = Products;
			sourceTree = "<group>";
		};
		0596D17B159AF27800B898B4 /* Frameworks */ = {
			isa = PBXGroup;
			children = (
				0596D17C159AF27800B898B4 /* Cocoa.framework */,
				0596D17E159AF27800B898B4 /* Other Frameworks */,
			);
			name = Frameworks;
			sourceTree = "<group>";
		};
		0596D17E159AF27800B898B4 /* Other Frameworks */ = {
			isa = PBXGroup;
			children = (
				0596D17F159AF27800B898B4 /* AppKit.framework */,
				0596D180159AF27800B898B4 /* CoreData.framework */,
				0596D181159AF27800B898B4 /* Foundation.framework */,
			);
			name = "Other Frameworks";
			sourceTree = "<group>";
		};
		0596D182159AF27800B898B4 /* CreateUserPkg */ = {
			isa = PBXGroup;
			children = (
				0596D19C159AF2A200B898B4 /* CreateUserPkg.entitlements */,
				6605E68C159B90070048362A /* CUPAppDelegate.h */,
				6605E68D159B90070048362A /* CUPAppDelegate.m */,
				6605E688159B86480048362A /* CUPBestHostFinder.h */,
				6605E689159B86480048362A /* CUPBestHostFinder.m */,
				05CF2A15159DE745004F36C8 /* CUPImageSelector.h */,
				05CF2A16159DE745004F36C8 /* CUPImageSelector.m */,
				0596D18E159AF27800B898B4 /* CUPDocument.h */,
				0596D18F159AF27800B898B4 /* CUPDocument.m */,
				0596D191159AF27800B898B4 /* CUPDocument.xib */,
				6605E68F159B964D0048362A /* CUPUIDFormatter.h */,
				6605E690159B964D0048362A /* CUPUIDFormatter.m */,
				6605E691159B964D0048362A /* CUPUserNameFormatter.h */,
				6605E692159B964D0048362A /* CUPUserNameFormatter.m */,
				6605E693159B964D0048362A /* CUPUUIDFormatter.h */,
				6605E694159B964D0048362A /* CUPUUIDFormatter.m */,
				0596D194159AF27800B898B4 /* MainMenu.xib */,
				0596D183159AF27800B898B4 /* Supporting Files */,
			);
			path = CreateUserPkg;
			sourceTree = "<group>";
		};
		0596D183159AF27800B898B4 /* Supporting Files */ = {
			isa = PBXGroup;
			children = (
				05CF2A19159DEDE4004F36C8 /* dropimagehere.png */,
				05524F8C159B314900741F47 /* create_package.py */,
				0596D184159AF27800B898B4 /* CreateUserPkg-Info.plist */,
				0596D18A159AF27800B898B4 /* CreateUserPkg-Prefix.pch */,
				0596D18B159AF27800B898B4 /* Credits.rtf */,
				0596D185159AF27800B898B4 /* InfoPlist.strings */,
				0596D188159AF27800B898B4 /* main.m */,
				05524F8F159B32D600741F47 /* read_package.py */,
			);
			name = "Supporting Files";
			sourceTree = "<group>";
		};
/* End PBXGroup section */

/* Begin PBXNativeTarget section */
		0596D177159AF27800B898B4 /* CreateUserPkg */ = {
			isa = PBXNativeTarget;
			buildConfigurationList = 0596D199159AF27800B898B4 /* Build configuration list for PBXNativeTarget "CreateUserPkg" */;
			buildPhases = (
				0596D174159AF27800B898B4 /* Sources */,
				0596D175159AF27800B898B4 /* Frameworks */,
				0596D176159AF27800B898B4 /* Resources */,
				6660D821159B2515003BB5E8 /* ShellScript */,
				6660D823159B2528003BB5E8 /* ShellScript */,
			);
			buildRules = (
			);
			dependencies = (
			);
			name = CreateUserPkg;
			productName = CreateUserPkg;
			productReference = 0596D178159AF27800B898B4 /* CreateUserPkg.app */;
			productType = "com.apple.product-type.application";
		};
/* End PBXNativeTarget section */

/* Begin PBXProject section */
		0596D16F159AF27800B898B4 /* Project object */ = {
			isa = PBXProject;
			attributes = {
				CLASSPREFIX = CUP;
				LastUpgradeCheck = 0460;
				ORGANIZATIONNAME = "University of Gothenburg";
			};
			buildConfigurationList = 0596D172159AF27800B898B4 /* Build configuration list for PBXProject "CreateUserPkg" */;
			compatibilityVersion = "Xcode 3.2";
			developmentRegion = English;
			hasScannedForEncodings = 0;
			knownRegions = (
				en,
			);
			mainGroup = 0596D16D159AF27800B898B4;
			productRefGroup = 0596D179159AF27800B898B4 /* Products */;
			projectDirPath = "";
			projectRoot = "";
			targets = (
				0596D177159AF27800B898B4 /* CreateUserPkg */,
			);
		};
/* End PBXProject section */

/* Begin PBXResourcesBuildPhase section */
		0596D176159AF27800B898B4 /* Resources */ = {
			isa = PBXResourcesBuildPhase;
			buildActionMask = 2147483647;
			files = (
				0596D187159AF27800B898B4 /* InfoPlist.strings in Resources */,
				0596D18D159AF27800B898B4 /* Credits.rtf in Resources */,
				0596D193159AF27800B898B4 /* CUPDocument.xib in Resources */,
				0596D196159AF27800B898B4 /* MainMenu.xib in Resources */,
				05524F8D159B314900741F47 /* create_package.py in Resources */,
				05524F94159B33AB00741F47 /* read_package.py in Resources */,
				66B221D8159C4C30003FDF4E /* CreateUserPkg.icns in Resources */,
				05CF2A1A159DEDE4004F36C8 /* dropimagehere.png in Resources */,
			);
			runOnlyForDeploymentPostprocessing = 0;
		};
/* End PBXResourcesBuildPhase section */

/* Begin PBXShellScriptBuildPhase section */
		6660D821159B2515003BB5E8 /* ShellScript */ = {
			isa = PBXShellScriptBuildPhase;
			buildActionMask = 2147483647;
			files = (
			);
			inputPaths = (
			);
			outputPaths = (
			);
			runOnlyForDeploymentPostprocessing = 0;
			shellPath = /bin/sh;
			shellScript = "chmod +x \"$TARGET_BUILD_DIR/$UNLOCALIZED_RESOURCES_FOLDER_PATH\"/*.py\n";
			showEnvVarsInLog = 0;
		};
		6660D823159B2528003BB5E8 /* ShellScript */ = {
			isa = PBXShellScriptBuildPhase;
			buildActionMask = 2147483647;
			files = (
			);
			inputPaths = (
			);
			outputPaths = (
			);
			runOnlyForDeploymentPostprocessing = 0;
			shellPath = /bin/sh;
			shellScript = "#!/bin/bash\n#\n# Sets the version string to a monotonically increased string, based on\n# the number of git commits.\n\nset -o errexit\nset -o nounset\n\nVERSION=$(git --git-dir=\"$PROJECT_DIR/.git\" --work-tree=\"$PROJECT_DIR\" rev-list master | wc -l)\n/usr/libexec/PlistBuddy -c \"Set :CFBundleVersion $VERSION\" \"$TARGET_BUILD_DIR/$INFOPLIST_PATH\"\n";
			showEnvVarsInLog = 0;
		};
/* End PBXShellScriptBuildPhase section */

/* Begin PBXSourcesBuildPhase section */
		0596D174159AF27800B898B4 /* Sources */ = {
			isa = PBXSourcesBuildPhase;
			buildActionMask = 2147483647;
			files = (
				0596D189159AF27800B898B4 /* main.m in Sources */,
				0596D190159AF27800B898B4 /* CUPDocument.m in Sources */,
				6605E68A159B86480048362A /* CUPBestHostFinder.m in Sources */,
				6605E68E159B90070048362A /* CUPAppDelegate.m in Sources */,
				6605E695159B964D0048362A /* CUPUIDFormatter.m in Sources */,
				6605E696159B964D0048362A /* CUPUserNameFormatter.m in Sources */,
				6605E697159B964D0048362A /* CUPUUIDFormatter.m in Sources */,
				05CF2A17159DE745004F36C8 /* CUPImageSelector.m in Sources */,
			);
			runOnlyForDeploymentPostprocessing = 0;
		};
/* End PBXSourcesBuildPhase section */

/* Begin PBXVariantGroup section */
		0596D185159AF27800B898B4 /* InfoPlist.strings */ = {
			isa = PBXVariantGroup;
			children = (
				0596D186159AF27800B898B4 /* en */,
			);
			name = InfoPlist.strings;
			sourceTree = "<group>";
		};
		0596D18B159AF27800B898B4 /* Credits.rtf */ = {
			isa = PBXVariantGroup;
			children = (
				0596D18C159AF27800B898B4 /* en */,
			);
			name = Credits.rtf;
			sourceTree = "<group>";
		};
		0596D191159AF27800B898B4 /* CUPDocument.xib */ = {
			isa = PBXVariantGroup;
			children = (
				0596D192159AF27800B898B4 /* en */,
			);
			name = CUPDocument.xib;
			sourceTree = "<group>";
		};
		0596D194159AF27800B898B4 /* MainMenu.xib */ = {
			isa = PBXVariantGroup;
			children = (
				0596D195159AF27800B898B4 /* en */,
			);
			name = MainMenu.xib;
			sourceTree = "<group>";
		};
/* End PBXVariantGroup section */

/* Begin XCBuildConfiguration section */
		0596D197159AF27800B898B4 /* Debug */ = {
			isa = XCBuildConfiguration;
			buildSettings = {
				ALWAYS_SEARCH_USER_PATHS = NO;
				ARCHS = "$(ARCHS_STANDARD_32_64_BIT)";
				CLANG_WARN_CONSTANT_CONVERSION = YES;
				CLANG_WARN_ENUM_CONVERSION = YES;
				CLANG_WARN_INT_CONVERSION = YES;
				CLANG_WARN__DUPLICATE_METHOD_MATCH = YES;
				COPY_PHASE_STRIP = NO;
				GCC_C_LANGUAGE_STANDARD = gnu99;
				GCC_DYNAMIC_NO_PIC = NO;
				GCC_ENABLE_OBJC_EXCEPTIONS = YES;
				GCC_OPTIMIZATION_LEVEL = 0;
				GCC_PREPROCESSOR_DEFINITIONS = (
					"DEBUG=1",
					"$(inherited)",
				);
				GCC_SYMBOLS_PRIVATE_EXTERN = NO;
				GCC_VERSION = com.apple.compilers.llvm.clang.1_0;
				GCC_WARN_64_TO_32_BIT_CONVERSION = YES;
				GCC_WARN_ABOUT_RETURN_TYPE = YES;
				GCC_WARN_UNINITIALIZED_AUTOS = YES;
				GCC_WARN_UNUSED_VARIABLE = YES;
				MACOSX_DEPLOYMENT_TARGET = 10.6;
				ONLY_ACTIVE_ARCH = YES;
				SDKROOT = macosx10.7;
			};
			name = Debug;
		};
		0596D198159AF27800B898B4 /* Release */ = {
			isa = XCBuildConfiguration;
			buildSettings = {
				ALWAYS_SEARCH_USER_PATHS = NO;
				ARCHS = "$(ARCHS_STANDARD_32_64_BIT)";
				CLANG_WARN_CONSTANT_CONVERSION = YES;
				CLANG_WARN_ENUM_CONVERSION = YES;
				CLANG_WARN_INT_CONVERSION = YES;
				CLANG_WARN__DUPLICATE_METHOD_MATCH = YES;
				COPY_PHASE_STRIP = YES;
				DEBUG_INFORMATION_FORMAT = "dwarf-with-dsym";
				GCC_C_LANGUAGE_STANDARD = gnu99;
				GCC_ENABLE_OBJC_EXCEPTIONS = YES;
				GCC_VERSION = com.apple.compilers.llvm.clang.1_0;
				GCC_WARN_64_TO_32_BIT_CONVERSION = YES;
				GCC_WARN_ABOUT_RETURN_TYPE = YES;
				GCC_WARN_UNINITIALIZED_AUTOS = YES;
				GCC_WARN_UNUSED_VARIABLE = YES;
				MACOSX_DEPLOYMENT_TARGET = 10.6;
				SDKROOT = macosx10.7;
			};
			name = Release;
		};
		0596D19A159AF27800B898B4 /* Debug */ = {
			isa = XCBuildConfiguration;
			buildSettings = {
				CODE_SIGN_ENTITLEMENTS = CreateUserPkg/CreateUserPkg.entitlements;
				CODE_SIGN_IDENTITY = "";
				COMBINE_HIDPI_IMAGES = YES;
				GCC_PRECOMPILE_PREFIX_HEADER = YES;
				GCC_PREFIX_HEADER = "CreateUserPkg/CreateUserPkg-Prefix.pch";
				INFOPLIST_FILE = "CreateUserPkg/CreateUserPkg-Info.plist";
				MACOSX_DEPLOYMENT_TARGET = 10.6;
				PRODUCT_NAME = "$(TARGET_NAME)";
				WRAPPER_EXTENSION = app;
			};
			name = Debug;
		};
		0596D19B159AF27800B898B4 /* Release */ = {
			isa = XCBuildConfiguration;
			buildSettings = {
				CODE_SIGN_ENTITLEMENTS = CreateUserPkg/CreateUserPkg.entitlements;
				CODE_SIGN_IDENTITY = "";
				COMBINE_HIDPI_IMAGES = YES;
				GCC_PRECOMPILE_PREFIX_HEADER = YES;
				GCC_PREFIX_HEADER = "CreateUserPkg/CreateUserPkg-Prefix.pch";
				INFOPLIST_FILE = "CreateUserPkg/CreateUserPkg-Info.plist";
				MACOSX_DEPLOYMENT_TARGET = 10.6;
				PRODUCT_NAME = "$(TARGET_NAME)";
				WRAPPER_EXTENSION = app;
			};
			name = Release;
		};
/* End XCBuildConfiguration section */

/* Begin XCConfigurationList section */
		0596D172159AF27800B898B4 /* Build configuration list for PBXProject "CreateUserPkg" */ = {
			isa = XCConfigurationList;
			buildConfigurations = (
				0596D197159AF27800B898B4 /* Debug */,
				0596D198159AF27800B898B4 /* Release */,
			);
			defaultConfigurationIsVisible = 0;
			defaultConfigurationName = Release;
		};
		0596D199159AF27800B898B4 /* Build configuration list for PBXNativeTarget "CreateUserPkg" */ = {
			isa = XCConfigurationList;
			buildConfigurations = (
				0596D19A159AF27800B898B4 /* Debug */,
				0596D19B159AF27800B898B4 /* Release */,
			);
			defaultConfigurationIsVisible = 0;
			defaultConfigurationName = Release;
		};
/* End XCConfigurationList section */
	};
	rootObject = 0596D16F159AF27800B898B4 /* Project object */;
}
